
Microsoft Visual Studio Solution File, Format Version 12.00
# Visual Studio Version 17
VisualStudioVersion = 17.9.34701.34
MinimumVisualStudioVersion = 10.0.40219.1
Project("{FAE04EC0-301F-11D3-BF4B-00C04F79EFBC}") = "BlazorApp", "BlazorApp\BlazorApp.csproj", "{FBFE11DA-CD95-43D9-8E52-C015B862C2F6}"
EndProject
Global
	GlobalSection(SolutionConfigurationPlatforms) = preSolution
		Debug|Any CPU = Debug|Any CPU
		Release|Any CPU = Release|Any CPU
	EndGlobalSection
	GlobalSection(ProjectConfigurationPlatforms) = postSolution
		{FBFE11DA-CD95-43D9-8E52-C015B862C2F6}.Debug|Any CPU.ActiveCfg = Debug|Any CPU
		{FBFE11DA-CD95-43D9-8E52-C015B862C2F6}.Debug|Any CPU.Build.0 = Debug|Any CPU
		{FBFE11DA-CD95-43D9-8E52-C015B862C2F6}.Release|Any CPU.ActiveCfg = Release|Any CPU
		{FBFE11DA-CD95-43D9-8E52-C015B862C2F6}.Release|Any CPU.Build.0 = Release|Any CPU
	EndGlobalSection
	GlobalSection(SolutionProperties) = preSolution
		HideSolutionNode = FALSE
	EndGlobalSection
	GlobalSection(ExtensibilityGlobals) = postSolution
		SolutionGuid = {533E42BC-4882-4F37-A091-CE54250F1C6F}
	EndGlobalSection
EndGlobal
