
Microsoft Visual Studio Solution File, Format Version 12.00
# Visual Studio Version 17
VisualStudioVersion = 17.9.34701.34
MinimumVisualStudioVersion = 10.0.40219.1
Project("{FAE04EC0-301F-11D3-BF4B-00C04F79EFBC}") = "nunonogueir444", "nunonogueir444.csproj", "{AEB5924C-E014-44D7-A0CB-FDDDBAB5F876}"
EndProject
Global
	GlobalSection(SolutionConfigurationPlatforms) = preSolution
		Debug|Any CPU = Debug|Any CPU
		Release|Any CPU = Release|Any CPU
	EndGlobalSection
	GlobalSection(ProjectConfigurationPlatforms) = postSolution
		{AEB5924C-E014-44D7-A0CB-FDDDBAB5F876}.Debug|Any CPU.ActiveCfg = Debug|Any CPU
		{AEB5924C-E014-44D7-A0CB-FDDDBAB5F876}.Debug|Any CPU.Build.0 = Debug|Any CPU
		{AEB5924C-E014-44D7-A0CB-FDDDBAB5F876}.Release|Any CPU.ActiveCfg = Release|Any CPU
		{AEB5924C-E014-44D7-A0CB-FDDDBAB5F876}.Release|Any CPU.Build.0 = Release|Any CPU
	EndGlobalSection
	GlobalSection(SolutionProperties) = preSolution
		HideSolutionNode = FALSE
	EndGlobalSection
	GlobalSection(ExtensibilityGlobals) = postSolution
		SolutionGuid = {5DC63A47-0412-489B-9D3C-71C4258BE75C}
	EndGlobalSection
EndGlobal
